# This file is automatically @generated by Cargo.
# It is not intended for manual editing.
version = 4

[[package]]
name = "boxcar"
version = "0.2.14"
source = "registry+https://github.com/rust-lang/crates.io-index"
checksum = "36f64beae40a84da1b4b26ff2761a5b895c12adc41dc25aaee1c4f2bbfe97a6e"

[[package]]
name = "fixed_vec"
version = "0.1.0"
source = "git+https://github.com/me-self/fixed_vec#aa442fefd413b1d1e15b1d3c8694f4bd326816d9"

[[package]]
name = "queue_vec"
version = "0.1.0"
dependencies = [
 "boxcar",
 "fixed_vec",
]
